{
    "_readme": [
        "This file locks the dependencies of your project to a known state",
        "Read more about it at https://getcomposer.org/doc/01-basic-usage.md#installing-dependencies",
        "This file is @generated automatically"
    ],
    "content-hash": "0579b0e45589aee2bfb8b0f83637a19f",
    "packages": [
        {
            "name": "tmc/shellpress",
            "version": "dev-master",
            "source": {
                "type": "git",
                "url": "https://github.com/jetplugs/ShellPress.git",
                "reference": "ec77b2bb4eaa3193d56a0ec62dc750af00059ed0"
            },
            "dist": {
                "type": "zip",
                "url": "https://api.github.com/repos/jetplugs/ShellPress/zipball/ec77b2bb4eaa3193d56a0ec62dc750af00059ed0",
                "reference": "ec77b2bb4eaa3193d56a0ec62dc750af00059ed0",
                "shasum": ""
            },
            "require": {
                "ext-json": "*",
                "ext-zip": "*",
                "php": ">=5.3"
            },
            "default-branch": true,
            "type": "library",
            "autoload": {
                "psr-4": {
                    "shellpress\\v1_4_0\\": ""
                },
                "psr-0": {
                    "Mustache": "lib/Mustache/"
                },
                "files": [
                    "src/Shared/Utility/RequirementChecker.php"
                ]
            },
            "license": [
                "proprietary"
            ],
            "authors": [
                {
                    "name": "Jakub Kuranda",
                    "email": "jakubkuranda@gmail.com"
                }
            ],
            "description": "Wordpress plugin framework",
            "support": {
                "source": "https://github.com/jetplugs/ShellPress/tree/master",
                "issues": "https://github.com/jetplugs/ShellPress/issues"
            },
            "time": "2022-02-18T17:17:15+00:00"
        }
    ],
    "packages-dev": [],
    "aliases": [],
    "minimum-stability": "stable",
    "stability-flags": {
        "tmc/shellpress": 20
    },
    "prefer-stable": false,
    "prefer-lowest": false,
    "platform": {
        "php": ">=5.6",
        "ext-json": "*"
    },
    "platform-dev": [],
    "plugin-api-version": "2.3.0"
}
