{
    "_readme": [
        "This file locks the dependencies of your project to a known state",
        "Read more about it at https://getcomposer.org/doc/01-basic-usage.md#installing-dependencies",
        "This file is @generated automatically"
    ],
    "content-hash": "6545e976e162a395fc487d1bd820a556",
    "packages": [
        {
            "name": "payrexx/payrexx",
            "version": "v1.8.6",
            "source": {
                "type": "git",
                "url": "https://github.com/payrexx/payrexx-php.git",
                "reference": "4eef7d12fb2650e53adeb25b57ab1f18301d100a"
            },
            "dist": {
                "type": "zip",
                "url": "https://api.github.com/repos/payrexx/payrexx-php/zipball/4eef7d12fb2650e53adeb25b57ab1f18301d100a",
                "reference": "4eef7d12fb2650e53adeb25b57ab1f18301d100a",
                "shasum": ""
            },
            "require": {
                "php": "^7.4 || ^8.0"
            },
            "require-dev": {
                "phpstan/phpstan": "^1.9"
            },
            "type": "library",
            "autoload": {
                "psr-0": {
                    "Payrexx": "lib/"
                }
            },
            "notification-url": "https://packagist.org/downloads/",
            "license": [
                "MIT"
            ],
            "authors": [
                {
                    "name": "Payrexx AG",
                    "homepage": "https://www.payrexx.com"
                }
            ],
            "description": "Payrexx PHPLib",
            "homepage": "https://www.payrexx.com",
            "keywords": [
                "gateway",
                "payment"
            ],
            "support": {
                "issues": "https://github.com/payrexx/payrexx-php/issues",
                "source": "https://github.com/payrexx/payrexx-php/tree/v1.8.6"
            },
            "time": "2023-02-14T09:01:02+00:00"
        }
    ],
    "packages-dev": [],
    "aliases": [],
    "minimum-stability": "stable",
    "stability-flags": [],
    "prefer-stable": false,
    "prefer-lowest": false,
    "platform": [],
    "platform-dev": [],
    "plugin-api-version": "2.1.0"
}
