{
    "_readme": [
        "This file locks the dependencies of your project to a known state",
        "Read more about it at https://getcomposer.org/doc/01-basic-usage.md#installing-dependencies",
        "This file is @generated automatically"
    ],
    "content-hash": "51da7fcdec208b396a768cc095860bfc",
    "packages": [
        {
            "name": "friedolinfoerder/html-changer",
            "version": "v0.1.6",
            "source": {
                "type": "git",
                "url": "https://github.com/friedolinfoerder/html-changer.git",
                "reference": "11324d318f366a56389e1ae54c6cd3f3649262ae"
            },
            "dist": {
                "type": "zip",
                "url": "https://api.github.com/repos/friedolinfoerder/html-changer/zipball/11324d318f366a56389e1ae54c6cd3f3649262ae",
                "reference": "11324d318f366a56389e1ae54c6cd3f3649262ae",
                "shasum": ""
            },
            "require": {
                "php": ">=5.5.0"
            },
            "require-dev": {
                "kahlan/kahlan": "^4.5"
            },
            "type": "library",
            "autoload": {
                "psr-4": {
                    "html_changer\\": "src/",
                    "html_changer\\testing\\": "spec/"
                }
            },
            "notification-url": "https://packagist.org/downloads/",
            "license": [
                "MIT"
            ],
            "authors": [
                {
                    "name": "Friedolin Förder"
                }
            ],
            "description": "Parse html and change it's output",
            "homepage": "https://github.com/friedolinfoerder/html-changer",
            "keywords": [
                "change",
                "html",
                "manipulate"
            ],
            "support": {
                "issues": "https://github.com/friedolinfoerder/html-changer/issues",
                "source": "https://github.com/friedolinfoerder/html-changer/tree/v0.1.6"
            },
            "time": "2021-10-10T19:05:07+00:00"
        },
        {
            "name": "friedolinfoerder/wp-activerecord",
            "version": "v1.0.6",
            "source": {
                "type": "git",
                "url": "https://github.com/friedolinfoerder/wp-activerecord.git",
                "reference": "0920735f6c3ed7a3628e79d56bf0d090201eab14"
            },
            "dist": {
                "type": "zip",
                "url": "https://api.github.com/repos/friedolinfoerder/wp-activerecord/zipball/0920735f6c3ed7a3628e79d56bf0d090201eab14",
                "reference": "0920735f6c3ed7a3628e79d56bf0d090201eab14",
                "shasum": ""
            },
            "require": {
                "php": ">=5.5.0"
            },
            "require-dev": {
                "phpunit/phpunit": "^4.0"
            },
            "type": "library",
            "autoload": {
                "psr-4": {
                    "wp_activerecord\\": "src/",
                    "wp_activerecord\\testing\\": "test/"
                }
            },
            "notification-url": "https://packagist.org/downloads/",
            "license": [
                "MIT"
            ],
            "authors": [
                {
                    "name": "Friedolin Förder"
                }
            ],
            "description": "An ActiveRecord implementation for WordPress",
            "homepage": "https://github.com/friedolinfoerder/wp-activerecord",
            "keywords": [
                "activerecord",
                "database",
                "php",
                "sql",
                "wordpress"
            ],
            "support": {
                "issues": "https://github.com/friedolinfoerder/wp-activerecord/issues",
                "source": "https://github.com/friedolinfoerder/wp-activerecord/tree/v1.0.6"
            },
            "time": "2021-01-02T14:25:41+00:00"
        }
    ],
    "packages-dev": [],
    "aliases": [],
    "minimum-stability": "stable",
    "stability-flags": [],
    "prefer-stable": false,
    "prefer-lowest": false,
    "platform": [],
    "platform-dev": [],
    "plugin-api-version": "2.1.0"
}
