{
    "_readme": [
        "This file locks the dependencies of your project to a known state",
        "Read more about it at https://getcomposer.org/doc/01-basic-usage.md#installing-dependencies",
        "This file is @generated automatically"
    ],
    "content-hash": "458c86bc2305b9eafe3a009da6ad5c10",
    "packages": [
        {
            "name": "josantonius/session",
            "version": "1.1.8",
            "source": {
                "type": "git",
                "url": "https://github.com/Josantonius/PHP-Session.git",
                "reference": "08b09ad43927d172963d15da29259bcdf90a8f43"
            },
            "dist": {
                "type": "zip",
                "url": "https://api.github.com/repos/Josantonius/PHP-Session/zipball/08b09ad43927d172963d15da29259bcdf90a8f43",
                "reference": "08b09ad43927d172963d15da29259bcdf90a8f43",
                "shasum": ""
            },
            "require": {
                "php": "^5.6 || ^7.0"
            },
            "require-dev": {
                "friendsofphp/php-cs-fixer": "^2.3 || ^2.8",
                "phpmd/phpmd": "^2.6",
                "phpunit/phpunit": "^5.7 || ^6.0",
                "squizlabs/php_codesniffer": "^3.0"
            },
            "type": "library",
            "extra": {
                "branch-alias": {
                    "dev-master": "1.0-dev"
                }
            },
            "autoload": {
                "psr-4": {
                    "Josantonius\\Session\\": "src/"
                }
            },
            "notification-url": "https://packagist.org/downloads/",
            "license": [
                "MIT"
            ],
            "authors": [
                {
                    "name": "Josantonius",
                    "email": "hello@josantonius.com",
                    "homepage": "https://josantonius.com",
                    "role": "Developer"
                }
            ],
            "description": "PHP library for handling sessions.",
            "keywords": [
                "hhvm",
                "php",
                "session"
            ],
            "time": "2018-05-04T08:30:19+00:00"
        }
    ],
    "packages-dev": [],
    "aliases": [],
    "minimum-stability": "stable",
    "stability-flags": [],
    "prefer-stable": false,
    "prefer-lowest": false,
    "platform": [],
    "platform-dev": []
}
