{
    "_readme": [
        "This file locks the dependencies of your project to a known state",
        "Read more about it at https://getcomposer.org/doc/01-basic-usage.md#installing-dependencies",
        "This file is @generated automatically"
    ],
    "content-hash": "71aabd15e29338127a2f1a452cc3e861",
    "packages": [
        {
            "name": "objectivco/wordpress-simple-settings",
            "version": "0.7.3",
            "source": {
                "type": "git",
                "url": "https://github.com/Objectivco/wordpress-simple-settings.git",
                "reference": "13cd8d21463582a627b1f70c1406cb67ade60baf"
            },
            "dist": {
                "type": "zip",
                "url": "https://api.github.com/repos/Objectivco/wordpress-simple-settings/zipball/13cd8d21463582a627b1f70c1406cb67ade60baf",
                "reference": "13cd8d21463582a627b1f70c1406cb67ade60baf",
                "shasum": ""
            },
            "require": {
                "php": ">=5.2.0"
            },
            "type": "library",
            "autoload": {
                "classmap": [
                    "src/wordpress-simple-settings.php"
                ]
            },
            "notification-url": "https://packagist.org/downloads/",
            "license": [
                "GPL-3.0-or-later"
            ],
            "authors": [
                {
                    "name": "Clifton Griffin",
                    "email": "clif@objectiv.co"
                }
            ],
            "description": "A minimalist framework for managing WordPress plugin or theme settings.",
            "homepage": "https://github.com/Objectivco/wordpress-simple-settings",
            "support": {
                "issues": "https://github.com/Objectivco/wordpress-simple-settings/issues",
                "source": "https://github.com/Objectivco/wordpress-simple-settings/tree/master"
            },
            "time": "2019-11-11T19:32:10+00:00"
        },
        {
            "name": "objectivco/wp_tabbed_navigation",
            "version": "0.3.0",
            "source": {
                "type": "git",
                "url": "https://github.com/Objectivco/WP_Tabbed_Navigation.git",
                "reference": "34af439ef00304afd7c91bdfa4d806a1da92b9df"
            },
            "dist": {
                "type": "zip",
                "url": "https://api.github.com/repos/Objectivco/WP_Tabbed_Navigation/zipball/34af439ef00304afd7c91bdfa4d806a1da92b9df",
                "reference": "34af439ef00304afd7c91bdfa4d806a1da92b9df",
                "shasum": ""
            },
            "require": {
                "php": ">=5.2.0"
            },
            "type": "library",
            "autoload": {
                "classmap": [
                    "src/class-wp-tabbed-navigation.php"
                ]
            },
            "notification-url": "https://packagist.org/downloads/",
            "license": [
                "GPL-3.0+"
            ],
            "authors": [
                {
                    "name": "Clifton Griffin",
                    "email": "clif@objectiv.co"
                }
            ],
            "description": "Automate creating a tabbed navigation and maintaining tabbed states",
            "homepage": "https://github.com/Objectivco/WP_Tabbed_Navigation",
            "support": {
                "issues": "https://github.com/Objectivco/WP_Tabbed_Navigation/issues",
                "source": "https://github.com/Objectivco/WP_Tabbed_Navigation/tree/0.3.0"
            },
            "time": "2021-04-07T21:29:30+00:00"
        }
    ],
    "packages-dev": [],
    "aliases": [],
    "minimum-stability": "stable",
    "stability-flags": [],
    "prefer-stable": false,
    "prefer-lowest": false,
    "platform": [],
    "platform-dev": [],
    "plugin-api-version": "2.3.0"
}
