{
    "_readme": [
        "This file locks the dependencies of your project to a known state",
        "Read more about it at https://getcomposer.org/doc/01-basic-usage.md#installing-dependencies",
        "This file is @generated automatically"
    ],
    "content-hash": "cafee5e9092b82d4b6c3b668bc58b125",
    "packages": [
        {
            "name": "coduo/php-humanizer",
            "version": "3.0.2",
            "source": {
                "type": "git",
                "url": "https://github.com/coduo/php-humanizer.git",
                "reference": "9d83e509dacfd26250ee4c6b0f195affb08cb1e2"
            },
            "dist": {
                "type": "zip",
                "url": "https://api.github.com/repos/coduo/php-humanizer/zipball/9d83e509dacfd26250ee4c6b0f195affb08cb1e2",
                "reference": "9d83e509dacfd26250ee4c6b0f195affb08cb1e2",
                "shasum": ""
            },
            "require": {
                "php": ">=7.0.0",
                "symfony/config": "^2.3|^3.0|^4",
                "symfony/translation": "^2.3|^3.0|^4",
                "symfony/yaml": "^2.3|^3.0|^4"
            },
            "require-dev": {
                "friendsofphp/php-cs-fixer": "^2.14",
                "phpspec/phpspec": "^2",
                "phpunit/phpunit": "^4.5|^5.0",
                "thunderer/shortcode": "^0.7"
            },
            "suggest": {
                "ext-intl": "Required if you are going to use humanizer with locales different than en_EN"
            },
            "type": "library",
            "extra": {
                "branch-alias": {
                    "dev-master": "3.0-dev"
                }
            },
            "autoload": {
                "psr-4": {
                    "": "src",
                    "Coduo\\PHPHumanizer\\Tests\\": "tests/"
                }
            },
            "notification-url": "https://packagist.org/downloads/",
            "license": [
                "MIT"
            ],
            "authors": [
                {
                    "name": "Norbert Orzechowicz",
                    "email": "norbert@orzechowicz.pl"
                },
                {
                    "name": "Michał Dąbrowski",
                    "email": "dabrowski@brillante.pl"
                }
            ],
            "description": "Humanize values that are readable only for developers",
            "keywords": [
                "humanize",
                "humanizer",
                "php"
            ],
            "time": "2019-04-30T09:36:22+00:00"
        },
        {
            "name": "mustache/mustache",
            "version": "v2.13.0",
            "source": {
                "type": "git",
                "url": "https://github.com/bobthecow/mustache.php.git",
                "reference": "e95c5a008c23d3151d59ea72484d4f72049ab7f4"
            },
            "dist": {
                "type": "zip",
                "url": "https://api.github.com/repos/bobthecow/mustache.php/zipball/e95c5a008c23d3151d59ea72484d4f72049ab7f4",
                "reference": "e95c5a008c23d3151d59ea72484d4f72049ab7f4",
                "shasum": ""
            },
            "require": {
                "php": ">=5.2.4"
            },
            "require-dev": {
                "friendsofphp/php-cs-fixer": "~1.11",
                "phpunit/phpunit": "~3.7|~4.0|~5.0"
            },
            "type": "library",
            "autoload": {
                "psr-0": {
                    "Mustache": "src/"
                }
            },
            "notification-url": "https://packagist.org/downloads/",
            "license": [
                "MIT"
            ],
            "authors": [
                {
                    "name": "Justin Hileman",
                    "email": "justin@justinhileman.info",
                    "homepage": "http://justinhileman.com"
                }
            ],
            "description": "A Mustache implementation in PHP.",
            "homepage": "https://github.com/bobthecow/mustache.php",
            "keywords": [
                "mustache",
                "templating"
            ],
            "time": "2019-11-23T21:40:31+00:00"
        },
        {
            "name": "predicthq/address-formatter",
            "version": "v1.1.0",
            "source": {
                "type": "git",
                "url": "https://github.com/predicthq/address-formatter-php.git",
                "reference": "80f01eb7e4986ab32cc1ff37aa434cc2541ad6a4"
            },
            "dist": {
                "type": "zip",
                "url": "https://api.github.com/repos/predicthq/address-formatter-php/zipball/80f01eb7e4986ab32cc1ff37aa434cc2541ad6a4",
                "reference": "80f01eb7e4986ab32cc1ff37aa434cc2541ad6a4",
                "shasum": ""
            },
            "require": {
                "mustache/mustache": "~2.0",
                "php": ">=5.6.0",
                "predicthq/address-formatter-templates": "~1.0",
                "symfony/yaml": "^3.0 || ^4.0"
            },
            "require-dev": {
                "phpunit/phpunit": "^5.3",
                "satooshi/php-coveralls": "^1.0"
            },
            "type": "library",
            "autoload": {
                "psr-4": {
                    "PredictHQ\\AddressFormatter\\": "src"
                },
                "exclude-from-classmap": [
                    "/tests/"
                ]
            },
            "notification-url": "https://packagist.org/downloads/",
            "license": [
                "MIT"
            ],
            "authors": [
                {
                    "name": "PredictHQ",
                    "homepage": "https://developer.predicthq.com"
                },
                {
                    "name": "Robert Kern",
                    "homepage": "http://www.robertkern.com",
                    "role": "Developer"
                }
            ],
            "description": "Address formatter using country templates from https://github.com/OpenCageData/address-formatting",
            "keywords": [
                "address",
                "predicthq"
            ],
            "time": "2018-05-23T19:10:30+00:00"
        },
        {
            "name": "predicthq/address-formatter-templates",
            "version": "v1.0.0",
            "source": {
                "type": "git",
                "url": "https://github.com/predicthq/address-formatter-templates.git",
                "reference": "91f683fe69fda63800424d716d3dcf94827e1d25"
            },
            "dist": {
                "type": "zip",
                "url": "https://api.github.com/repos/predicthq/address-formatter-templates/zipball/91f683fe69fda63800424d716d3dcf94827e1d25",
                "reference": "91f683fe69fda63800424d716d3dcf94827e1d25",
                "shasum": ""
            },
            "type": "library",
            "notification-url": "https://packagist.org/downloads/",
            "license": [
                "MIT"
            ],
            "authors": [
                {
                    "name": "PredictHQ",
                    "homepage": "https://developer.predicthq.com"
                },
                {
                    "name": "Robert Kern",
                    "homepage": "http://www.robertkern.com",
                    "role": "Developer"
                }
            ],
            "description": "Address formatter templates from https://github.com/OpenCageData/address-formatting - used with the predicthq/address-formatter package.",
            "keywords": [
                "address",
                "predicthq",
                "templates"
            ],
            "time": "2016-04-28T21:46:01+00:00"
        },
        {
            "name": "symfony/config",
            "version": "v4.4.11",
            "source": {
                "type": "git",
                "url": "https://github.com/symfony/config.git",
                "reference": "b1d8f0d9341ea1d378b8b043ba90739f37c49d36"
            },
            "dist": {
                "type": "zip",
                "url": "https://api.github.com/repos/symfony/config/zipball/b1d8f0d9341ea1d378b8b043ba90739f37c49d36",
                "reference": "b1d8f0d9341ea1d378b8b043ba90739f37c49d36",
                "shasum": ""
            },
            "require": {
                "php": ">=7.1.3",
                "symfony/filesystem": "^3.4|^4.0|^5.0",
                "symfony/polyfill-ctype": "~1.8"
            },
            "conflict": {
                "symfony/finder": "<3.4"
            },
            "require-dev": {
                "symfony/event-dispatcher": "^3.4|^4.0|^5.0",
                "symfony/finder": "^3.4|^4.0|^5.0",
                "symfony/messenger": "^4.1|^5.0",
                "symfony/service-contracts": "^1.1|^2",
                "symfony/yaml": "^3.4|^4.0|^5.0"
            },
            "suggest": {
                "symfony/yaml": "To use the yaml reference dumper"
            },
            "type": "library",
            "extra": {
                "branch-alias": {
                    "dev-master": "4.4-dev"
                }
            },
            "autoload": {
                "psr-4": {
                    "Symfony\\Component\\Config\\": ""
                },
                "exclude-from-classmap": [
                    "/Tests/"
                ]
            },
            "notification-url": "https://packagist.org/downloads/",
            "license": [
                "MIT"
            ],
            "authors": [
                {
                    "name": "Fabien Potencier",
                    "email": "fabien@symfony.com"
                },
                {
                    "name": "Symfony Community",
                    "homepage": "https://symfony.com/contributors"
                }
            ],
            "description": "Symfony Config Component",
            "homepage": "https://symfony.com",
            "time": "2020-07-15T08:27:46+00:00"
        },
        {
            "name": "symfony/css-selector",
            "version": "v5.1.3",
            "source": {
                "type": "git",
                "url": "https://github.com/symfony/css-selector.git",
                "reference": "e544e24472d4c97b2d11ade7caacd446727c6bf9"
            },
            "dist": {
                "type": "zip",
                "url": "https://api.github.com/repos/symfony/css-selector/zipball/e544e24472d4c97b2d11ade7caacd446727c6bf9",
                "reference": "e544e24472d4c97b2d11ade7caacd446727c6bf9",
                "shasum": ""
            },
            "require": {
                "php": ">=7.2.5"
            },
            "type": "library",
            "extra": {
                "branch-alias": {
                    "dev-master": "5.1-dev"
                }
            },
            "autoload": {
                "psr-4": {
                    "Symfony\\Component\\CssSelector\\": ""
                },
                "exclude-from-classmap": [
                    "/Tests/"
                ]
            },
            "notification-url": "https://packagist.org/downloads/",
            "license": [
                "MIT"
            ],
            "authors": [
                {
                    "name": "Fabien Potencier",
                    "email": "fabien@symfony.com"
                },
                {
                    "name": "Jean-François Simon",
                    "email": "jeanfrancois.simon@sensiolabs.com"
                },
                {
                    "name": "Symfony Community",
                    "homepage": "https://symfony.com/contributors"
                }
            ],
            "description": "Symfony CssSelector Component",
            "homepage": "https://symfony.com",
            "time": "2020-05-20T17:43:50+00:00"
        },
        {
            "name": "symfony/filesystem",
            "version": "v5.1.3",
            "source": {
                "type": "git",
                "url": "https://github.com/symfony/filesystem.git",
                "reference": "6e4320f06d5f2cce0d96530162491f4465179157"
            },
            "dist": {
                "type": "zip",
                "url": "https://api.github.com/repos/symfony/filesystem/zipball/6e4320f06d5f2cce0d96530162491f4465179157",
                "reference": "6e4320f06d5f2cce0d96530162491f4465179157",
                "shasum": ""
            },
            "require": {
                "php": ">=7.2.5",
                "symfony/polyfill-ctype": "~1.8"
            },
            "type": "library",
            "extra": {
                "branch-alias": {
                    "dev-master": "5.1-dev"
                }
            },
            "autoload": {
                "psr-4": {
                    "Symfony\\Component\\Filesystem\\": ""
                },
                "exclude-from-classmap": [
                    "/Tests/"
                ]
            },
            "notification-url": "https://packagist.org/downloads/",
            "license": [
                "MIT"
            ],
            "authors": [
                {
                    "name": "Fabien Potencier",
                    "email": "fabien@symfony.com"
                },
                {
                    "name": "Symfony Community",
                    "homepage": "https://symfony.com/contributors"
                }
            ],
            "description": "Symfony Filesystem Component",
            "homepage": "https://symfony.com",
            "time": "2020-05-30T20:35:19+00:00"
        },
        {
            "name": "symfony/polyfill-ctype",
            "version": "v1.18.0",
            "source": {
                "type": "git",
                "url": "https://github.com/symfony/polyfill-ctype.git",
                "reference": "1c302646f6efc070cd46856e600e5e0684d6b454"
            },
            "dist": {
                "type": "zip",
                "url": "https://api.github.com/repos/symfony/polyfill-ctype/zipball/1c302646f6efc070cd46856e600e5e0684d6b454",
                "reference": "1c302646f6efc070cd46856e600e5e0684d6b454",
                "shasum": ""
            },
            "require": {
                "php": ">=5.3.3"
            },
            "suggest": {
                "ext-ctype": "For best performance"
            },
            "type": "library",
            "extra": {
                "branch-alias": {
                    "dev-master": "1.18-dev"
                },
                "thanks": {
                    "name": "symfony/polyfill",
                    "url": "https://github.com/symfony/polyfill"
                }
            },
            "autoload": {
                "psr-4": {
                    "Symfony\\Polyfill\\Ctype\\": ""
                },
                "files": [
                    "bootstrap.php"
                ]
            },
            "notification-url": "https://packagist.org/downloads/",
            "license": [
                "MIT"
            ],
            "authors": [
                {
                    "name": "Gert de Pagter",
                    "email": "BackEndTea@gmail.com"
                },
                {
                    "name": "Symfony Community",
                    "homepage": "https://symfony.com/contributors"
                }
            ],
            "description": "Symfony polyfill for ctype functions",
            "homepage": "https://symfony.com",
            "keywords": [
                "compatibility",
                "ctype",
                "polyfill",
                "portable"
            ],
            "time": "2020-07-14T12:35:20+00:00"
        },
        {
            "name": "symfony/polyfill-mbstring",
            "version": "v1.18.0",
            "source": {
                "type": "git",
                "url": "https://github.com/symfony/polyfill-mbstring.git",
                "reference": "a6977d63bf9a0ad4c65cd352709e230876f9904a"
            },
            "dist": {
                "type": "zip",
                "url": "https://api.github.com/repos/symfony/polyfill-mbstring/zipball/a6977d63bf9a0ad4c65cd352709e230876f9904a",
                "reference": "a6977d63bf9a0ad4c65cd352709e230876f9904a",
                "shasum": ""
            },
            "require": {
                "php": ">=5.3.3"
            },
            "suggest": {
                "ext-mbstring": "For best performance"
            },
            "type": "library",
            "extra": {
                "branch-alias": {
                    "dev-master": "1.18-dev"
                },
                "thanks": {
                    "name": "symfony/polyfill",
                    "url": "https://github.com/symfony/polyfill"
                }
            },
            "autoload": {
                "psr-4": {
                    "Symfony\\Polyfill\\Mbstring\\": ""
                },
                "files": [
                    "bootstrap.php"
                ]
            },
            "notification-url": "https://packagist.org/downloads/",
            "license": [
                "MIT"
            ],
            "authors": [
                {
                    "name": "Nicolas Grekas",
                    "email": "p@tchwork.com"
                },
                {
                    "name": "Symfony Community",
                    "homepage": "https://symfony.com/contributors"
                }
            ],
            "description": "Symfony polyfill for the Mbstring extension",
            "homepage": "https://symfony.com",
            "keywords": [
                "compatibility",
                "mbstring",
                "polyfill",
                "portable",
                "shim"
            ],
            "time": "2020-07-14T12:35:20+00:00"
        },
        {
            "name": "symfony/translation",
            "version": "v4.4.11",
            "source": {
                "type": "git",
                "url": "https://github.com/symfony/translation.git",
                "reference": "a8ea9d97353294eb6783f2894ef8cee99a045822"
            },
            "dist": {
                "type": "zip",
                "url": "https://api.github.com/repos/symfony/translation/zipball/a8ea9d97353294eb6783f2894ef8cee99a045822",
                "reference": "a8ea9d97353294eb6783f2894ef8cee99a045822",
                "shasum": ""
            },
            "require": {
                "php": ">=7.1.3",
                "symfony/polyfill-mbstring": "~1.0",
                "symfony/translation-contracts": "^1.1.6|^2"
            },
            "conflict": {
                "symfony/config": "<3.4",
                "symfony/dependency-injection": "<3.4",
                "symfony/http-kernel": "<4.4",
                "symfony/yaml": "<3.4"
            },
            "provide": {
                "symfony/translation-implementation": "1.0"
            },
            "require-dev": {
                "psr/log": "~1.0",
                "symfony/config": "^3.4|^4.0|^5.0",
                "symfony/console": "^3.4|^4.0|^5.0",
                "symfony/dependency-injection": "^3.4|^4.0|^5.0",
                "symfony/finder": "~2.8|~3.0|~4.0|^5.0",
                "symfony/http-kernel": "^4.4",
                "symfony/intl": "^3.4|^4.0|^5.0",
                "symfony/service-contracts": "^1.1.2|^2",
                "symfony/yaml": "^3.4|^4.0|^5.0"
            },
            "suggest": {
                "psr/log-implementation": "To use logging capability in translator",
                "symfony/config": "",
                "symfony/yaml": ""
            },
            "type": "library",
            "extra": {
                "branch-alias": {
                    "dev-master": "4.4-dev"
                }
            },
            "autoload": {
                "psr-4": {
                    "Symfony\\Component\\Translation\\": ""
                },
                "exclude-from-classmap": [
                    "/Tests/"
                ]
            },
            "notification-url": "https://packagist.org/downloads/",
            "license": [
                "MIT"
            ],
            "authors": [
                {
                    "name": "Fabien Potencier",
                    "email": "fabien@symfony.com"
                },
                {
                    "name": "Symfony Community",
                    "homepage": "https://symfony.com/contributors"
                }
            ],
            "description": "Symfony Translation Component",
            "homepage": "https://symfony.com",
            "time": "2020-07-23T08:31:43+00:00"
        },
        {
            "name": "symfony/translation-contracts",
            "version": "v2.1.3",
            "source": {
                "type": "git",
                "url": "https://github.com/symfony/translation-contracts.git",
                "reference": "616a9773c853097607cf9dd6577d5b143ffdcd63"
            },
            "dist": {
                "type": "zip",
                "url": "https://api.github.com/repos/symfony/translation-contracts/zipball/616a9773c853097607cf9dd6577d5b143ffdcd63",
                "reference": "616a9773c853097607cf9dd6577d5b143ffdcd63",
                "shasum": ""
            },
            "require": {
                "php": ">=7.2.5"
            },
            "suggest": {
                "symfony/translation-implementation": ""
            },
            "type": "library",
            "extra": {
                "branch-alias": {
                    "dev-master": "2.1-dev"
                },
                "thanks": {
                    "name": "symfony/contracts",
                    "url": "https://github.com/symfony/contracts"
                }
            },
            "autoload": {
                "psr-4": {
                    "Symfony\\Contracts\\Translation\\": ""
                }
            },
            "notification-url": "https://packagist.org/downloads/",
            "license": [
                "MIT"
            ],
            "authors": [
                {
                    "name": "Nicolas Grekas",
                    "email": "p@tchwork.com"
                },
                {
                    "name": "Symfony Community",
                    "homepage": "https://symfony.com/contributors"
                }
            ],
            "description": "Generic abstractions related to translation",
            "homepage": "https://symfony.com",
            "keywords": [
                "abstractions",
                "contracts",
                "decoupling",
                "interfaces",
                "interoperability",
                "standards"
            ],
            "time": "2020-07-06T13:23:11+00:00"
        },
        {
            "name": "symfony/yaml",
            "version": "v4.4.11",
            "source": {
                "type": "git",
                "url": "https://github.com/symfony/yaml.git",
                "reference": "c2d2cc66e892322cfcc03f8f12f8340dbd7a3f8a"
            },
            "dist": {
                "type": "zip",
                "url": "https://api.github.com/repos/symfony/yaml/zipball/c2d2cc66e892322cfcc03f8f12f8340dbd7a3f8a",
                "reference": "c2d2cc66e892322cfcc03f8f12f8340dbd7a3f8a",
                "shasum": ""
            },
            "require": {
                "php": ">=7.1.3",
                "symfony/polyfill-ctype": "~1.8"
            },
            "conflict": {
                "symfony/console": "<3.4"
            },
            "require-dev": {
                "symfony/console": "^3.4|^4.0|^5.0"
            },
            "suggest": {
                "symfony/console": "For validating YAML files using the lint command"
            },
            "type": "library",
            "extra": {
                "branch-alias": {
                    "dev-master": "4.4-dev"
                }
            },
            "autoload": {
                "psr-4": {
                    "Symfony\\Component\\Yaml\\": ""
                },
                "exclude-from-classmap": [
                    "/Tests/"
                ]
            },
            "notification-url": "https://packagist.org/downloads/",
            "license": [
                "MIT"
            ],
            "authors": [
                {
                    "name": "Fabien Potencier",
                    "email": "fabien@symfony.com"
                },
                {
                    "name": "Symfony Community",
                    "homepage": "https://symfony.com/contributors"
                }
            ],
            "description": "Symfony Yaml Component",
            "homepage": "https://symfony.com",
            "time": "2020-05-20T08:37:50+00:00"
        },
        {
            "name": "tamtamchik/namecase",
            "version": "2.1.1",
            "source": {
                "type": "git",
                "url": "https://github.com/tamtamchik/namecase.git",
                "reference": "13e4f01b09706c868c31cf34b815b9e78330926d"
            },
            "dist": {
                "type": "zip",
                "url": "https://api.github.com/repos/tamtamchik/namecase/zipball/13e4f01b09706c868c31cf34b815b9e78330926d",
                "reference": "13e4f01b09706c868c31cf34b815b9e78330926d",
                "shasum": ""
            },
            "require": {
                "ext-mbstring": "*",
                "php": "^7.2"
            },
            "require-dev": {
                "phpunit/phpunit": "^8.0",
                "scrutinizer/ocular": "^1.0"
            },
            "type": "library",
            "extra": {
                "branch-alias": {
                    "dev-master": "2.0-dev",
                    "1.0.x": "1.0.x-dev"
                }
            },
            "autoload": {
                "psr-4": {
                    "Tamtamchik\\NameCase\\": "src"
                }
            },
            "notification-url": "https://packagist.org/downloads/",
            "license": [
                "MIT"
            ],
            "authors": [
                {
                    "name": "Yuri Tkachenko",
                    "email": "yuri.tam.tkachenko@gmail.com",
                    "homepage": "http://tamtamchika.net"
                }
            ],
            "description": "This package allows you to convert names into the correct case where possible.",
            "homepage": "https://github.com/tamtamchik/namecase",
            "keywords": [
                "cased",
                "namecase",
                "properly",
                "strings",
                "tamtamchik"
            ],
            "time": "2020-03-05T08:50:05+00:00"
        },
        {
            "name": "thunderer/shortcode",
            "version": "v0.7.4",
            "source": {
                "type": "git",
                "url": "https://github.com/thunderer/Shortcode.git",
                "reference": "79a219febd774ba1ee66a2992fee1145b4367561"
            },
            "dist": {
                "type": "zip",
                "url": "https://api.github.com/repos/thunderer/Shortcode/zipball/79a219febd774ba1ee66a2992fee1145b4367561",
                "reference": "79a219febd774ba1ee66a2992fee1145b4367561",
                "shasum": ""
            },
            "require": {
                "php": ">=5.3"
            },
            "require-dev": {
                "phpunit/phpunit": ">=4.1",
                "symfony/yaml": ">=2.0"
            },
            "suggest": {
                "ext-dom": "if you want to use XML serializer",
                "ext-json": "if you want to use JSON serializer",
                "symfony/yaml": "if you want to use YAML serializer"
            },
            "type": "library",
            "autoload": {
                "psr-4": {
                    "Thunder\\Shortcode\\": "src/"
                }
            },
            "notification-url": "https://packagist.org/downloads/",
            "license": [
                "MIT"
            ],
            "authors": [
                {
                    "name": "Tomasz Kowalczyk",
                    "email": "tomasz@kowalczyk.cc"
                }
            ],
            "description": "Advanced shortcode (BBCode) parser and engine for PHP",
            "keywords": [
                "bbcode",
                "engine",
                "library",
                "parser",
                "shortcode"
            ],
            "time": "2020-03-08T11:25:13+00:00"
        },
        {
            "name": "tijsverkoyen/css-to-inline-styles",
            "version": "2.2.3",
            "source": {
                "type": "git",
                "url": "https://github.com/tijsverkoyen/CssToInlineStyles.git",
                "reference": "b43b05cf43c1b6d849478965062b6ef73e223bb5"
            },
            "dist": {
                "type": "zip",
                "url": "https://api.github.com/repos/tijsverkoyen/CssToInlineStyles/zipball/b43b05cf43c1b6d849478965062b6ef73e223bb5",
                "reference": "b43b05cf43c1b6d849478965062b6ef73e223bb5",
                "shasum": ""
            },
            "require": {
                "ext-dom": "*",
                "ext-libxml": "*",
                "php": "^5.5 || ^7.0 || ^8.0",
                "symfony/css-selector": "^2.7 || ^3.0 || ^4.0 || ^5.0"
            },
            "require-dev": {
                "phpunit/phpunit": "^4.8.35 || ^5.7 || ^6.0 || ^7.5"
            },
            "type": "library",
            "extra": {
                "branch-alias": {
                    "dev-master": "2.2.x-dev"
                }
            },
            "autoload": {
                "psr-4": {
                    "TijsVerkoyen\\CssToInlineStyles\\": "src"
                }
            },
            "notification-url": "https://packagist.org/downloads/",
            "license": [
                "BSD-3-Clause"
            ],
            "authors": [
                {
                    "name": "Tijs Verkoyen",
                    "email": "css_to_inline_styles@verkoyen.eu",
                    "role": "Developer"
                }
            ],
            "description": "CssToInlineStyles is a class that enables you to convert HTML-pages/files into HTML-pages/files with inline styles. This is very useful when you're sending emails.",
            "homepage": "https://github.com/tijsverkoyen/CssToInlineStyles",
            "time": "2020-07-13T06:12:54+00:00"
        }
    ],
    "packages-dev": [],
    "aliases": [],
    "minimum-stability": "stable",
    "stability-flags": [],
    "prefer-stable": false,
    "prefer-lowest": false,
    "platform": [],
    "platform-dev": []
}
