{
    "_readme": [
        "This file locks the dependencies of your project to a known state",
        "Read more about it at https://getcomposer.org/doc/01-basic-usage.md#installing-dependencies",
        "This file is @generated automatically"
    ],
    "content-hash": "705373155b462e5303d8aecdfe481f75",
    "packages": [
        {
            "name": "wpdesk/wp-builder",
            "version": "2.0.0",
            "source": {
                "type": "git",
                "url": "https://gitlab.wpdesk.dev/wpdesk/wp-builder",
                "reference": "234e4617ee331febcd64587cc2b5268f45764abd"
            },
            "require": {
                "php": ">=5.5"
            },
            "require-dev": {
                "10up/wp_mock": "*",
                "mockery/mockery": "*",
                "phpunit/phpunit": "<7",
                "squizlabs/php_codesniffer": "^3.0.2",
                "wimg/php-compatibility": "^8",
                "wp-coding-standards/wpcs": "^0.14.1"
            },
            "type": "library",
            "autoload": {
                "psr-4": {
                    "WPDesk\\PluginBuilder\\": "src/"
                },
                "classmap": [
                    "src/Plugin/WithoutNamespace"
                ]
            },
            "notification-url": "https://packagist.org/downloads/",
            "authors": [
                {
                    "name": "Krzysiek",
                    "email": "krzysiek@wpdesk.pl"
                }
            ],
            "time": "2021-09-19T13:24:21+00:00"
        },
        {
            "name": "wpdesk/wp-notice",
            "version": "3.2.2",
            "source": {
                "type": "git",
                "url": "https://gitlab.wpdesk.dev/wpdesk/wp-notice",
                "reference": "082da9047669233c6fe56f16533887360fae8e45"
            },
            "require": {
                "php": ">=7.0.8",
                "wpdesk/wp-builder": "^1.0|^2.0"
            },
            "require-dev": {
                "10up/wp_mock": "*",
                "mockery/mockery": "*",
                "squizlabs/php_codesniffer": "^3.0.2",
                "wimg/php-compatibility": "^8",
                "wp-coding-standards/wpcs": "^0.14.1",
                "wpdesk/wp-codeception": "^2.7"
            },
            "type": "library",
            "autoload": {
                "files": [
                    "src/WPDesk/notice-functions.php"
                ],
                "psr-4": {
                    "WPDesk\\Notice\\": "src/WPDesk/Notice/"
                }
            },
            "notification-url": "https://packagist.org/downloads/",
            "license": [
                "MIT"
            ],
            "authors": [
                {
                    "name": "grola",
                    "email": "grola@wpdesk.net"
                }
            ],
            "description": "Library for displaying Wordpress notices.",
            "homepage": "https://gitlab.com/wpdesk/wp-notice",
            "keywords": [
                "admin",
                "notice",
                "wordpress"
            ],
            "time": "2023-03-03T12:55:10+00:00"
        }
    ],
    "packages-dev": [],
    "aliases": [],
    "minimum-stability": "dev",
    "stability-flags": [],
    "prefer-stable": true,
    "prefer-lowest": false,
    "platform": {
        "php": ">=7.0"
    },
    "platform-dev": [],
    "plugin-api-version": "2.3.0"
}
