{
    "_readme": [
        "This file locks the dependencies of your project to a known state",
        "Read more about it at https://getcomposer.org/doc/01-basic-usage.md#composer-lock-the-lock-file",
        "This file is @generated automatically"
    ],
    "hash": "11ed3f2fbd5ea900ebc0d816caf0836a",
    "content-hash": "60773d8bc1f63900df458a2df66f1aed",
    "packages": [
        {
            "name": "tgmpa/tgm-plugin-activation",
            "version": "2.6.1",
            "source": {
                "type": "git",
                "url": "https://github.com/TGMPA/TGM-Plugin-Activation.git",
                "reference": "c626d0d91fc8ef24916e809c7b79eeafab1c1cac"
            },
            "dist": {
                "type": "zip",
                "url": "https://api.github.com/repos/TGMPA/TGM-Plugin-Activation/zipball/c626d0d91fc8ef24916e809c7b79eeafab1c1cac",
                "reference": "c626d0d91fc8ef24916e809c7b79eeafab1c1cac",
                "shasum": ""
            },
            "require": {
                "php": ">=5.2"
            },
            "type": "library",
            "autoload": {
                "files": [
                    "class-tgm-plugin-activation.php"
                ]
            },
            "notification-url": "https://packagist.org/downloads/",
            "license": [
                "GPL-2.0+"
            ],
            "authors": [
                {
                    "name": "Thomas Griffin",
                    "homepage": "http://thomasgriffinmedia.com",
                    "role": "Developer"
                },
                {
                    "name": "Gary Jones",
                    "homepage": "https://github.com/GaryJones",
                    "role": "Developer"
                },
                {
                    "name": "Juliette Reinders Folmer",
                    "homepage": "https://github.com/jrfnl",
                    "role": "Developer"
                }
            ],
            "description": "TGM Plugin Activation is a PHP library that allows you to easily require or recommend plugins for your WordPress themes (and plugins).",
            "homepage": "http://tgmpluginactivation.com",
            "keywords": [
                "activation",
                "library",
                "plugins",
                "theme",
                "wordpress"
            ],
            "time": "2016-05-19 15:46:51"
        }
    ],
    "packages-dev": [
        {
            "name": "raveren/kint",
            "version": "1.0.10",
            "source": {
                "type": "git",
                "url": "https://github.com/raveren/kint.git",
                "reference": "c8423b9928bd35bf6ad14c688ab9c6d17d97d0eb"
            },
            "dist": {
                "type": "zip",
                "url": "https://api.github.com/repos/raveren/kint/zipball/c8423b9928bd35bf6ad14c688ab9c6d17d97d0eb",
                "reference": "c8423b9928bd35bf6ad14c688ab9c6d17d97d0eb",
                "shasum": ""
            },
            "require": {
                "php": ">=5.1.0"
            },
            "type": "library",
            "extra": {
                "branch-alias": {
                    "dev-master": "1.0.x-dev"
                }
            },
            "autoload": {
                "files": [
                    "Kint.class.php"
                ]
            },
            "notification-url": "https://packagist.org/downloads/",
            "license": [
                "MIT"
            ],
            "authors": [
                {
                    "name": "Rokas Šleinius",
                    "homepage": "https://github.com/raveren"
                },
                {
                    "name": "Contributors",
                    "homepage": "https://github.com/raveren/kint/contributors"
                }
            ],
            "description": "Kint - debugging helper for PHP developers",
            "homepage": "https://github.com/raveren/kint",
            "keywords": [
                "debug",
                "kint",
                "php"
            ],
            "time": "2015-09-16 14:09:00"
        }
    ],
    "aliases": [],
    "minimum-stability": "stable",
    "stability-flags": [],
    "prefer-stable": false,
    "prefer-lowest": false,
    "platform": [],
    "platform-dev": []
}
